Microsoft Visual Studio Solution File, Format Version 12.00
# Visual Studio Version 16
VisualStudioVersion = 16.0.29020.237
MinimumVisualStudioVersion = 10.0.40219.1
Project("{9A19103F-16F7-4668-BE54-9A1E7A4F7556}") = "Anto.AuthChange.Domain", "src\Anto.AuthChange.Domain\Anto.AuthChange.Domain.csproj", "{554AD327-6DBA-4F8F-96F8-81CE7A0C863F}"
EndProject
Project("{9A19103F-16F7-4668-BE54-9A1E7A4F7556}") = "Volo.Abp.Account.Application.Tests", "modules\Volo.Account\test\Volo.Abp.Account.Application.Tests\Volo.Abp.Account.Application.Tests.csproj", "{853067C2-EA70-4863-92DD-36B2C465BA42}"
EndProject
Project("{9A19103F-16F7-4668-BE54-9A1E7A4F7556}") = "Volo.Abp.Account.Web", "modules\Volo.Account\src\Volo.Abp.Account.Web\Volo.Abp.Account.Web.csproj", "{6F791CD3-8BB4-4487-84F1-449F9F968795}"
EndProject
Project("{9A19103F-16F7-4668-BE54-9A1E7A4F7556}") = "Volo.Abp.Account.HttpApi.Client", "modules\Volo.Account\src\Volo.Abp.Account.HttpApi.Client\Volo.Abp.Account.HttpApi.Client.csproj", "{5427C768-E37B-4F7A-B468-C12352C9CB33}"
EndProject
Project("{9A19103F-16F7-4668-BE54-9A1E7A4F7556}") = "Volo.Abp.Account.HttpApi", "modules\Volo.Account\src\Volo.Abp.Account.HttpApi\Volo.Abp.Account.HttpApi.csproj", "{FE5365EE-381C-46BF-812E-9B1CF2204BCC}"
EndProject
Project("{9A19103F-16F7-4668-BE54-9A1E7A4F7556}") = "Volo.Abp.Account.Application.Contracts", "modules\Volo.Account\src\Volo.Abp.Account.Application.Contracts\Volo.Abp.Account.Application.Contracts.csproj", "{5D165C19-170C-4838-95D4-CF0DB6708C8A}"
EndProject
Project("{9A19103F-16F7-4668-BE54-9A1E7A4F7556}") = "Volo.Abp.Account.Application", "modules\Volo.Account\src\Volo.Abp.Account.Application\Volo.Abp.Account.Application.csproj", "{F3D3D755-E69F-4478-A054-D753822CD000}"
EndProject
Project("{2150E333-8FDC-42A3-9474-1A3956D46DE8}") = "Volo.Account.Tests", "Volo.Account.Tests", "{2AF99FCB-E327-4A27-A7FC-2A21BABED302}"
EndProject
Project("{2150E333-8FDC-42A3-9474-1A3956D46DE8}") = "Volo.Account", "Volo.Account", "{F2986552-CE97-4EE8-8C4D-5F7EE953831D}"
EndProject
Project("{2150E333-8FDC-42A3-9474-1A3956D46DE8}") = "modules", "modules", "{09DE5CE8-68A4-4223-8736-ABCD50F03729}"
EndProject
Project("{9A19103F-16F7-4668-BE54-9A1E7A4F7556}") = "Anto.AuthChange.Application", "src\Anto.AuthChange.Application\Anto.AuthChange.Application.csproj", "{1A94A50E-06DC-43C1-80B5-B662820EC3EB}"
EndProject
Project("{9A19103F-16F7-4668-BE54-9A1E7A4F7556}") = "Anto.AuthChange.EntityFrameworkCore", "src\Anto.AuthChange.EntityFrameworkCore\Anto.AuthChange.EntityFrameworkCore.csproj", "{C956DD76-69C8-4A9C-83EA-D17DF83340FD}"
EndProject
Project("{9A19103F-16F7-4668-BE54-9A1E7A4F7556}") = "Anto.AuthChange.Web", "src\Anto.AuthChange.Web\Anto.AuthChange.Web.csproj", "{068855E8-9240-4F1A-910B-CF825794513B}"
EndProject
Project("{2150E333-8FDC-42A3-9474-1A3956D46DE8}") = "src", "src", "{CA9AC87F-097E-4F15-8393-4BC07735A5B0}"
EndProject
Project("{2150E333-8FDC-42A3-9474-1A3956D46DE8}") = "test", "test", "{04DBDB01-70F4-4E06-B468-8F87850B22BE}"
EndProject
Project("{9A19103F-16F7-4668-BE54-9A1E7A4F7556}") = "Anto.AuthChange.Application.Tests", "test\Anto.AuthChange.Application.Tests\Anto.AuthChange.Application.Tests.csproj", "{50B2631D-129C-47B3-A587-029CCD6099BC}"
EndProject
Project("{9A19103F-16F7-4668-BE54-9A1E7A4F7556}") = "Anto.AuthChange.Web.Tests", "test\Anto.AuthChange.Web.Tests\Anto.AuthChange.Web.Tests.csproj", "{5F1B28C6-8D0C-4155-92D0-252F7EA5F674}"
EndProject
Project("{9A19103F-16F7-4668-BE54-9A1E7A4F7556}") = "Anto.AuthChange.EntityFrameworkCore.DbMigrations", "src\Anto.AuthChange.EntityFrameworkCore.DbMigrations\Anto.AuthChange.EntityFrameworkCore.DbMigrations.csproj", "{0372FA84-C517-4EB3-9A9F-B9ACAC0CA5E0}"
EndProject
Project("{9A19103F-16F7-4668-BE54-9A1E7A4F7556}") = "Anto.AuthChange.Domain.Shared", "src\Anto.AuthChange.Domain.Shared\Anto.AuthChange.Domain.Shared.csproj", "{42F719ED-8413-4895-B5B4-5AB56079BC66}"
EndProject
Project("{9A19103F-16F7-4668-BE54-9A1E7A4F7556}") = "Anto.AuthChange.Application.Contracts", "src\Anto.AuthChange.Application.Contracts\Anto.AuthChange.Application.Contracts.csproj", "{520659C8-C734-4298-A3DA-B539DB9DFC0B}"
EndProject
Project("{9A19103F-16F7-4668-BE54-9A1E7A4F7556}") = "Anto.AuthChange.HttpApi", "src\Anto.AuthChange.HttpApi\Anto.AuthChange.HttpApi.csproj", "{4164BDF7-F527-4E85-9CE6-E3C2D7426A27}"
EndProject
Project("{9A19103F-16F7-4668-BE54-9A1E7A4F7556}") = "Anto.AuthChange.HttpApi.Client", "src\Anto.AuthChange.HttpApi.Client\Anto.AuthChange.HttpApi.Client.csproj", "{3B5A0094-670D-4BB1-BFDD-61B88A8773DC}"
EndProject
Project("{9A19103F-16F7-4668-BE54-9A1E7A4F7556}") = "Anto.AuthChange.EntityFrameworkCore.Tests", "test\Anto.AuthChange.EntityFrameworkCore.Tests\Anto.AuthChange.EntityFrameworkCore.Tests.csproj", "{1FE30EB9-74A9-47F5-A9F6-7B1FAB672D81}"
EndProject
Project("{9A19103F-16F7-4668-BE54-9A1E7A4F7556}") = "Anto.AuthChange.TestBase", "test\Anto.AuthChange.TestBase\Anto.AuthChange.TestBase.csproj", "{91853F21-9CD9-4132-BC29-A7D5D84FFFE7}"
EndProject
Project("{9A19103F-16F7-4668-BE54-9A1E7A4F7556}") = "Anto.AuthChange.Domain.Tests", "test\Anto.AuthChange.Domain.Tests\Anto.AuthChange.Domain.Tests.csproj", "{E512F4D9-9375-480F-A2F6-A46509F9D824}"
EndProject
Project("{9A19103F-16F7-4668-BE54-9A1E7A4F7556}") = "Anto.AuthChange.HttpApi.Client.ConsoleTestApp", "test\Anto.AuthChange.HttpApi.Client.ConsoleTestApp\Anto.AuthChange.HttpApi.Client.ConsoleTestApp.csproj", "{EF480016-9127-4916-8735-D2466BDBC582}"
EndProject
Project("{9A19103F-16F7-4668-BE54-9A1E7A4F7556}") = "Anto.AuthChange.DbMigrator", "src\Anto.AuthChange.DbMigrator\Anto.AuthChange.DbMigrator.csproj", "{AA94D832-1CCC-4715-95A9-A483F23A1A5D}"
EndProject
Project("{2150E333-8FDC-42A3-9474-1A3956D46DE8}") = "Keycloak", "Keycloak", "{8D72B027-A864-438C-BBEB-748CDA148DE8}"
EndProject
Project("{9A19103F-16F7-4668-BE54-9A1E7A4F7556}") = "AspNet.Security.OAuth.Keycloak", "Keycloak\AspNet.Security.OAuth.Keycloak\AspNet.Security.OAuth.Keycloak.csproj", "{BA4CDD3D-BB2C-464D-A430-A57D867C81EF}"
EndProject
Global
	GlobalSection(SolutionConfigurationPlatforms) = preSolution
		Debug|Any CPU = Debug|Any CPU
		Release|Any CPU = Release|Any CPU
	EndGlobalSection
	GlobalSection(ProjectConfigurationPlatforms) = postSolution
		{554AD327-6DBA-4F8F-96F8-81CE7A0C863F}.Debug|Any CPU.ActiveCfg = Debug|Any CPU
		{554AD327-6DBA-4F8F-96F8-81CE7A0C863F}.Debug|Any CPU.Build.0 = Debug|Any CPU
		{554AD327-6DBA-4F8F-96F8-81CE7A0C863F}.Release|Any CPU.ActiveCfg = Release|Any CPU
		{554AD327-6DBA-4F8F-96F8-81CE7A0C863F}.Release|Any CPU.Build.0 = Release|Any CPU
		{853067C2-EA70-4863-92DD-36B2C465BA42}.Debug|Any CPU.ActiveCfg = Debug|Any CPU
		{853067C2-EA70-4863-92DD-36B2C465BA42}.Debug|Any CPU.Build.0 = Debug|Any CPU
		{853067C2-EA70-4863-92DD-36B2C465BA42}.Release|Any CPU.ActiveCfg = Release|Any CPU
		{853067C2-EA70-4863-92DD-36B2C465BA42}.Release|Any CPU.Build.0 = Release|Any CPU
		{6F791CD3-8BB4-4487-84F1-449F9F968795}.Debug|Any CPU.ActiveCfg = Debug|Any CPU
		{6F791CD3-8BB4-4487-84F1-449F9F968795}.Debug|Any CPU.Build.0 = Debug|Any CPU
		{6F791CD3-8BB4-4487-84F1-449F9F968795}.Release|Any CPU.ActiveCfg = Release|Any CPU
		{6F791CD3-8BB4-4487-84F1-449F9F968795}.Release|Any CPU.Build.0 = Release|Any CPU
		{5427C768-E37B-4F7A-B468-C12352C9CB33}.Debug|Any CPU.ActiveCfg = Debug|Any CPU
		{5427C768-E37B-4F7A-B468-C12352C9CB33}.Debug|Any CPU.Build.0 = Debug|Any CPU
		{5427C768-E37B-4F7A-B468-C12352C9CB33}.Release|Any CPU.ActiveCfg = Release|Any CPU
		{5427C768-E37B-4F7A-B468-C12352C9CB33}.Release|Any CPU.Build.0 = Release|Any CPU
		{FE5365EE-381C-46BF-812E-9B1CF2204BCC}.Debug|Any CPU.ActiveCfg = Debug|Any CPU
		{FE5365EE-381C-46BF-812E-9B1CF2204BCC}.Debug|Any CPU.Build.0 = Debug|Any CPU
		{FE5365EE-381C-46BF-812E-9B1CF2204BCC}.Release|Any CPU.ActiveCfg = Release|Any CPU
		{FE5365EE-381C-46BF-812E-9B1CF2204BCC}.Release|Any CPU.Build.0 = Release|Any CPU
		{5D165C19-170C-4838-95D4-CF0DB6708C8A}.Debug|Any CPU.ActiveCfg = Debug|Any CPU
		{5D165C19-170C-4838-95D4-CF0DB6708C8A}.Debug|Any CPU.Build.0 = Debug|Any CPU
		{5D165C19-170C-4838-95D4-CF0DB6708C8A}.Release|Any CPU.ActiveCfg = Release|Any CPU
		{5D165C19-170C-4838-95D4-CF0DB6708C8A}.Release|Any CPU.Build.0 = Release|Any CPU
		{F3D3D755-E69F-4478-A054-D753822CD000}.Debug|Any CPU.ActiveCfg = Debug|Any CPU
		{F3D3D755-E69F-4478-A054-D753822CD000}.Debug|Any CPU.Build.0 = Debug|Any CPU
		{F3D3D755-E69F-4478-A054-D753822CD000}.Release|Any CPU.ActiveCfg = Release|Any CPU
		{F3D3D755-E69F-4478-A054-D753822CD000}.Release|Any CPU.Build.0 = Release|Any CPU
		{1A94A50E-06DC-43C1-80B5-B662820EC3EB}.Debug|Any CPU.ActiveCfg = Debug|Any CPU
		{1A94A50E-06DC-43C1-80B5-B662820EC3EB}.Debug|Any CPU.Build.0 = Debug|Any CPU
		{1A94A50E-06DC-43C1-80B5-B662820EC3EB}.Release|Any CPU.ActiveCfg = Release|Any CPU
		{1A94A50E-06DC-43C1-80B5-B662820EC3EB}.Release|Any CPU.Build.0 = Release|Any CPU
		{C956DD76-69C8-4A9C-83EA-D17DF83340FD}.Debug|Any CPU.ActiveCfg = Debug|Any CPU
		{C956DD76-69C8-4A9C-83EA-D17DF83340FD}.Debug|Any CPU.Build.0 = Debug|Any CPU
		{C956DD76-69C8-4A9C-83EA-D17DF83340FD}.Release|Any CPU.ActiveCfg = Release|Any CPU
		{C956DD76-69C8-4A9C-83EA-D17DF83340FD}.Release|Any CPU.Build.0 = Release|Any CPU
		{068855E8-9240-4F1A-910B-CF825794513B}.Debug|Any CPU.ActiveCfg = Debug|Any CPU
		{068855E8-9240-4F1A-910B-CF825794513B}.Debug|Any CPU.Build.0 = Debug|Any CPU
		{068855E8-9240-4F1A-910B-CF825794513B}.Release|Any CPU.ActiveCfg = Release|Any CPU
		{068855E8-9240-4F1A-910B-CF825794513B}.Release|Any CPU.Build.0 = Release|Any CPU
		{50B2631D-129C-47B3-A587-029CCD6099BC}.Debug|Any CPU.ActiveCfg = Debug|Any CPU
		{50B2631D-129C-47B3-A587-029CCD6099BC}.Debug|Any CPU.Build.0 = Debug|Any CPU
		{50B2631D-129C-47B3-A587-029CCD6099BC}.Release|Any CPU.ActiveCfg = Release|Any CPU
		{50B2631D-129C-47B3-A587-029CCD6099BC}.Release|Any CPU.Build.0 = Release|Any CPU
		{5F1B28C6-8D0C-4155-92D0-252F7EA5F674}.Debug|Any CPU.ActiveCfg = Debug|Any CPU
		{5F1B28C6-8D0C-4155-92D0-252F7EA5F674}.Debug|Any CPU.Build.0 = Debug|Any CPU
		{5F1B28C6-8D0C-4155-92D0-252F7EA5F674}.Release|Any CPU.ActiveCfg = Release|Any CPU
		{5F1B28C6-8D0C-4155-92D0-252F7EA5F674}.Release|Any CPU.Build.0 = Release|Any CPU
		{0372FA84-C517-4EB3-9A9F-B9ACAC0CA5E0}.Debug|Any CPU.ActiveCfg = Debug|Any CPU
		{0372FA84-C517-4EB3-9A9F-B9ACAC0CA5E0}.Debug|Any CPU.Build.0 = Debug|Any CPU
		{0372FA84-C517-4EB3-9A9F-B9ACAC0CA5E0}.Release|Any CPU.ActiveCfg = Release|Any CPU
		{0372FA84-C517-4EB3-9A9F-B9ACAC0CA5E0}.Release|Any CPU.Build.0 = Release|Any CPU
		{42F719ED-8413-4895-B5B4-5AB56079BC66}.Debug|Any CPU.ActiveCfg = Debug|Any CPU
		{42F719ED-8413-4895-B5B4-5AB56079BC66}.Debug|Any CPU.Build.0 = Debug|Any CPU
		{42F719ED-8413-4895-B5B4-5AB56079BC66}.Release|Any CPU.ActiveCfg = Release|Any CPU
		{42F719ED-8413-4895-B5B4-5AB56079BC66}.Release|Any CPU.Build.0 = Release|Any CPU
		{520659C8-C734-4298-A3DA-B539DB9DFC0B}.Debug|Any CPU.ActiveCfg = Debug|Any CPU
		{520659C8-C734-4298-A3DA-B539DB9DFC0B}.Debug|Any CPU.Build.0 = Debug|Any CPU
		{520659C8-C734-4298-A3DA-B539DB9DFC0B}.Release|Any CPU.ActiveCfg = Release|Any CPU
		{520659C8-C734-4298-A3DA-B539DB9DFC0B}.Release|Any CPU.Build.0 = Release|Any CPU
		{4164BDF7-F527-4E85-9CE6-E3C2D7426A27}.Debug|Any CPU.ActiveCfg = Debug|Any CPU
		{4164BDF7-F527-4E85-9CE6-E3C2D7426A27}.Debug|Any CPU.Build.0 = Debug|Any CPU
		{4164BDF7-F527-4E85-9CE6-E3C2D7426A27}.Release|Any CPU.ActiveCfg = Release|Any CPU
		{4164BDF7-F527-4E85-9CE6-E3C2D7426A27}.Release|Any CPU.Build.0 = Release|Any CPU
		{3B5A0094-670D-4BB1-BFDD-61B88A8773DC}.Debug|Any CPU.ActiveCfg = Debug|Any CPU
		{3B5A0094-670D-4BB1-BFDD-61B88A8773DC}.Debug|Any CPU.Build.0 = Debug|Any CPU
		{3B5A0094-670D-4BB1-BFDD-61B88A8773DC}.Release|Any CPU.ActiveCfg = Release|Any CPU
		{3B5A0094-670D-4BB1-BFDD-61B88A8773DC}.Release|Any CPU.Build.0 = Release|Any CPU
		{1FE30EB9-74A9-47F5-A9F6-7B1FAB672D81}.Debug|Any CPU.ActiveCfg = Debug|Any CPU
		{1FE30EB9-74A9-47F5-A9F6-7B1FAB672D81}.Debug|Any CPU.Build.0 = Debug|Any CPU
		{1FE30EB9-74A9-47F5-A9F6-7B1FAB672D81}.Release|Any CPU.ActiveCfg = Release|Any CPU
		{1FE30EB9-74A9-47F5-A9F6-7B1FAB672D81}.Release|Any CPU.Build.0 = Release|Any CPU
		{91853F21-9CD9-4132-BC29-A7D5D84FFFE7}.Debug|Any CPU.ActiveCfg = Debug|Any CPU
		{91853F21-9CD9-4132-BC29-A7D5D84FFFE7}.Debug|Any CPU.Build.0 = Debug|Any CPU
		{91853F21-9CD9-4132-BC29-A7D5D84FFFE7}.Release|Any CPU.ActiveCfg = Release|Any CPU
		{91853F21-9CD9-4132-BC29-A7D5D84FFFE7}.Release|Any CPU.Build.0 = Release|Any CPU
		{E512F4D9-9375-480F-A2F6-A46509F9D824}.Debug|Any CPU.ActiveCfg = Debug|Any CPU
		{E512F4D9-9375-480F-A2F6-A46509F9D824}.Debug|Any CPU.Build.0 = Debug|Any CPU
		{E512F4D9-9375-480F-A2F6-A46509F9D824}.Release|Any CPU.ActiveCfg = Release|Any CPU
		{E512F4D9-9375-480F-A2F6-A46509F9D824}.Release|Any CPU.Build.0 = Release|Any CPU
		{EF480016-9127-4916-8735-D2466BDBC582}.Debug|Any CPU.ActiveCfg = Debug|Any CPU
		{EF480016-9127-4916-8735-D2466BDBC582}.Debug|Any CPU.Build.0 = Debug|Any CPU
		{EF480016-9127-4916-8735-D2466BDBC582}.Release|Any CPU.ActiveCfg = Release|Any CPU
		{EF480016-9127-4916-8735-D2466BDBC582}.Release|Any CPU.Build.0 = Release|Any CPU
		{AA94D832-1CCC-4715-95A9-A483F23A1A5D}.Debug|Any CPU.ActiveCfg = Debug|Any CPU
		{AA94D832-1CCC-4715-95A9-A483F23A1A5D}.Debug|Any CPU.Build.0 = Debug|Any CPU
		{AA94D832-1CCC-4715-95A9-A483F23A1A5D}.Release|Any CPU.ActiveCfg = Release|Any CPU
		{AA94D832-1CCC-4715-95A9-A483F23A1A5D}.Release|Any CPU.Build.0 = Release|Any CPU
		{BA4CDD3D-BB2C-464D-A430-A57D867C81EF}.Debug|Any CPU.ActiveCfg = Debug|Any CPU
		{BA4CDD3D-BB2C-464D-A430-A57D867C81EF}.Debug|Any CPU.Build.0 = Debug|Any CPU
		{BA4CDD3D-BB2C-464D-A430-A57D867C81EF}.Release|Any CPU.ActiveCfg = Release|Any CPU
		{BA4CDD3D-BB2C-464D-A430-A57D867C81EF}.Release|Any CPU.Build.0 = Release|Any CPU
	EndGlobalSection
	GlobalSection(SolutionProperties) = preSolution
		HideSolutionNode = FALSE
	EndGlobalSection
	GlobalSection(NestedProjects) = preSolution
		{554AD327-6DBA-4F8F-96F8-81CE7A0C863F} = {CA9AC87F-097E-4F15-8393-4BC07735A5B0}
		{853067C2-EA70-4863-92DD-36B2C465BA42} = {2AF99FCB-E327-4A27-A7FC-2A21BABED302}
		{6F791CD3-8BB4-4487-84F1-449F9F968795} = {F2986552-CE97-4EE8-8C4D-5F7EE953831D}
		{5427C768-E37B-4F7A-B468-C12352C9CB33} = {F2986552-CE97-4EE8-8C4D-5F7EE953831D}
		{FE5365EE-381C-46BF-812E-9B1CF2204BCC} = {F2986552-CE97-4EE8-8C4D-5F7EE953831D}
		{5D165C19-170C-4838-95D4-CF0DB6708C8A} = {F2986552-CE97-4EE8-8C4D-5F7EE953831D}
		{F3D3D755-E69F-4478-A054-D753822CD000} = {F2986552-CE97-4EE8-8C4D-5F7EE953831D}
		{2AF99FCB-E327-4A27-A7FC-2A21BABED302} = {04DBDB01-70F4-4E06-B468-8F87850B22BE}
		{F2986552-CE97-4EE8-8C4D-5F7EE953831D} = {09DE5CE8-68A4-4223-8736-ABCD50F03729}
		{1A94A50E-06DC-43C1-80B5-B662820EC3EB} = {CA9AC87F-097E-4F15-8393-4BC07735A5B0}
		{C956DD76-69C8-4A9C-83EA-D17DF83340FD} = {CA9AC87F-097E-4F15-8393-4BC07735A5B0}
		{068855E8-9240-4F1A-910B-CF825794513B} = {CA9AC87F-097E-4F15-8393-4BC07735A5B0}
		{50B2631D-129C-47B3-A587-029CCD6099BC} = {04DBDB01-70F4-4E06-B468-8F87850B22BE}
		{5F1B28C6-8D0C-4155-92D0-252F7EA5F674} = {04DBDB01-70F4-4E06-B468-8F87850B22BE}
		{0372FA84-C517-4EB3-9A9F-B9ACAC0CA5E0} = {CA9AC87F-097E-4F15-8393-4BC07735A5B0}
		{42F719ED-8413-4895-B5B4-5AB56079BC66} = {CA9AC87F-097E-4F15-8393-4BC07735A5B0}
		{520659C8-C734-4298-A3DA-B539DB9DFC0B} = {CA9AC87F-097E-4F15-8393-4BC07735A5B0}
		{4164BDF7-F527-4E85-9CE6-E3C2D7426A27} = {CA9AC87F-097E-4F15-8393-4BC07735A5B0}
		{3B5A0094-670D-4BB1-BFDD-61B88A8773DC} = {CA9AC87F-097E-4F15-8393-4BC07735A5B0}
		{1FE30EB9-74A9-47F5-A9F6-7B1FAB672D81} = {04DBDB01-70F4-4E06-B468-8F87850B22BE}
		{91853F21-9CD9-4132-BC29-A7D5D84FFFE7} = {04DBDB01-70F4-4E06-B468-8F87850B22BE}
		{E512F4D9-9375-480F-A2F6-A46509F9D824} = {04DBDB01-70F4-4E06-B468-8F87850B22BE}
		{EF480016-9127-4916-8735-D2466BDBC582} = {04DBDB01-70F4-4E06-B468-8F87850B22BE}
		{AA94D832-1CCC-4715-95A9-A483F23A1A5D} = {CA9AC87F-097E-4F15-8393-4BC07735A5B0}
		{BA4CDD3D-BB2C-464D-A430-A57D867C81EF} = {8D72B027-A864-438C-BBEB-748CDA148DE8}
	EndGlobalSection
	GlobalSection(ExtensibilityGlobals) = postSolution
		SolutionGuid = {28315BFD-90E7-4E14-A2EA-F3D23AF4126F}
	EndGlobalSection
EndGlobal
